// !$*UTF8*$!
{
	archiveVersion = 1;
	classes = {
	};
	objectVersion = 46;
	objects = {

/* Begin PBXBuildFile section */
		FA211AB31E0291D00060C213 /* RecipeIngridientCollectionViewCell.swift in Sources */ = {isa = PBXBuildFile; fileRef = FA211AB21E0291D00060C213 /* RecipeIngridientCollectionViewCell.swift */; };
		FA2FC8011DFD9BBB00B6968C /* AppDelegate.swift in Sources */ = {isa = PBXBuildFile; fileRef = FA2FC8001DFD9BBB00B6968C /* AppDelegate.swift */; };
		FA2FC8061DFD9BBB00B6968C /* Main.storyboard in Resources */ = {isa = PBXBuildFile; fileRef = FA2FC8041DFD9BBB00B6968C /* Main.storyboard */; };
		FA2FC8091DFD9BBB00B6968C /* Mix_A_Drink.xcdatamodeld in Sources */ = {isa = PBXBuildFile; fileRef = FA2FC8071DFD9BBB00B6968C /* Mix_A_Drink.xcdatamodeld */; };
		FA2FC80B1DFD9BBB00B6968C /* Assets.xcassets in Resources */ = {isa = PBXBuildFile; fileRef = FA2FC80A1DFD9BBB00B6968C /* Assets.xcassets */; };
		FA2FC80E1DFD9BBB00B6968C /* LaunchScreen.storyboard in Resources */ = {isa = PBXBuildFile; fileRef = FA2FC80C1DFD9BBB00B6968C /* LaunchScreen.storyboard */; };
		FA2FC8161DFDA55500B6968C /* CocktailTableViewController.swift in Sources */ = {isa = PBXBuildFile; fileRef = FA2FC8151DFDA55500B6968C /* CocktailTableViewController.swift */; };
		FA2FC8181DFDAB6100B6968C /* CocktailTableViewCell.swift in Sources */ = {isa = PBXBuildFile; fileRef = FA2FC8171DFDAB6100B6968C /* CocktailTableViewCell.swift */; };
		FA2FC81F1DFEEDCD00B6968C /* CoreDataStack.swift in Sources */ = {isa = PBXBuildFile; fileRef = FA2FC81E1DFEEDCD00B6968C /* CoreDataStack.swift */; };
		FA2FC83B1E0009F600B6968C /* amount.json in Resources */ = {isa = PBXBuildFile; fileRef = FA2FC83A1E0009F600B6968C /* amount.json */; };
		FA2FC83D1E00433A00B6968C /* glass.json in Resources */ = {isa = PBXBuildFile; fileRef = FA2FC83C1E00433A00B6968C /* glass.json */; };
		FA2FC83F1E0049DA00B6968C /* alcohol.json in Resources */ = {isa = PBXBuildFile; fileRef = FA2FC83E1E0049DA00B6968C /* alcohol.json */; };
		FA2FC8411E004A7500B6968C /* nonalcohol.json in Resources */ = {isa = PBXBuildFile; fileRef = FA2FC8401E004A7500B6968C /* nonalcohol.json */; };
		FA2FC8441E004E1200B6968C /* dataTypes.swift in Sources */ = {isa = PBXBuildFile; fileRef = FA2FC8431E004E1200B6968C /* dataTypes.swift */; };
		FA2FC8461E004EAB00B6968C /* cocktail.json in Resources */ = {isa = PBXBuildFile; fileRef = FA2FC8451E004EAB00B6968C /* cocktail.json */; };
		FA2FC8501E013EFE00B6968C /* Aperol Spritz.jpg in Resources */ = {isa = PBXBuildFile; fileRef = FA2FC8471E013EFE00B6968C /* Aperol Spritz.jpg */; };
		FA2FC8511E013EFE00B6968C /* Bloody Mary.jpg in Resources */ = {isa = PBXBuildFile; fileRef = FA2FC8481E013EFE00B6968C /* Bloody Mary.jpg */; };
		FA2FC8521E013EFE00B6968C /* Cosmopolitan.jpg in Resources */ = {isa = PBXBuildFile; fileRef = FA2FC8491E013EFE00B6968C /* Cosmopolitan.jpg */; };
		FA2FC8531E013EFE00B6968C /* Dry Martini.jpg in Resources */ = {isa = PBXBuildFile; fileRef = FA2FC84A1E013EFE00B6968C /* Dry Martini.jpg */; };
		FA2FC8541E013EFE00B6968C /* Gin & Tonic.jpg in Resources */ = {isa = PBXBuildFile; fileRef = FA2FC84B1E013EFE00B6968C /* Gin & Tonic.jpg */; };
		FA2FC8551E013EFE00B6968C /* Margarita.jpg in Resources */ = {isa = PBXBuildFile; fileRef = FA2FC84C1E013EFE00B6968C /* Margarita.jpg */; };
		FA2FC8561E013EFE00B6968C /* Mojito.jpg in Resources */ = {isa = PBXBuildFile; fileRef = FA2FC84D1E013EFE00B6968C /* Mojito.jpg */; };
		FA2FC8571E013EFE00B6968C /* Negroni.jpg in Resources */ = {isa = PBXBuildFile; fileRef = FA2FC84E1E013EFE00B6968C /* Negroni.jpg */; };
		FA2FC8581E013EFE00B6968C /* Planter's Punch.jpg in Resources */ = {isa = PBXBuildFile; fileRef = FA2FC84F1E013EFE00B6968C /* Planter's Punch.jpg */; };
		FA2FC85A1E0140EB00B6968C /* Screwdriver.jpg in Resources */ = {isa = PBXBuildFile; fileRef = FA2FC8591E0140EB00B6968C /* Screwdriver.jpg */; };
		FA2FC85C1E01830000B6968C /* CocktailDetailViewController.swift in Sources */ = {isa = PBXBuildFile; fileRef = FA2FC85B1E01830000B6968C /* CocktailDetailViewController.swift */; };
		FA2FC85E1E01A54200B6968C /* MainTabBarController.swift in Sources */ = {isa = PBXBuildFile; fileRef = FA2FC85D1E01A54200B6968C /* MainTabBarController.swift */; };
		FA36F61B1E01D09E00673C07 /* Courgette-Regular.ttf in Resources */ = {isa = PBXBuildFile; fileRef = FA2FC8631E01CF5400B6968C /* Courgette-Regular.ttf */; };
		FA36F61D1E01D24B00673C07 /* MainNavigationController.swift in Sources */ = {isa = PBXBuildFile; fileRef = FA36F61C1E01D24B00673C07 /* MainNavigationController.swift */; };
/* End PBXBuildFile section */

/* Begin PBXFileReference section */
		FA211AB21E0291D00060C213 /* RecipeIngridientCollectionViewCell.swift */ = {isa = PBXFileReference; fileEncoding = 4; lastKnownFileType = sourcecode.swift; path = RecipeIngridientCollectionViewCell.swift; sourceTree = "<group>"; };
		FA2FC7FD1DFD9BBB00B6968C /* Mix A Drink.app */ = {isa = PBXFileReference; explicitFileType = wrapper.application; includeInIndex = 0; path = "Mix A Drink.app"; sourceTree = BUILT_PRODUCTS_DIR; };
		FA2FC8001DFD9BBB00B6968C /* AppDelegate.swift */ = {isa = PBXFileReference; lastKnownFileType = sourcecode.swift; path = AppDelegate.swift; sourceTree = "<group>"; };
		FA2FC8051DFD9BBB00B6968C /* Base */ = {isa = PBXFileReference; lastKnownFileType = file.storyboard; name = Base; path = Base.lproj/Main.storyboard; sourceTree = "<group>"; };
		FA2FC8081DFD9BBB00B6968C /* Mix_A_Drink.xcdatamodel */ = {isa = PBXFileReference; lastKnownFileType = wrapper.xcdatamodel; path = Mix_A_Drink.xcdatamodel; sourceTree = "<group>"; };
		FA2FC80A1DFD9BBB00B6968C /* Assets.xcassets */ = {isa = PBXFileReference; lastKnownFileType = folder.assetcatalog; path = Assets.xcassets; sourceTree = "<group>"; };
		FA2FC80D1DFD9BBB00B6968C /* Base */ = {isa = PBXFileReference; lastKnownFileType = file.storyboard; name = Base; path = Base.lproj/LaunchScreen.storyboard; sourceTree = "<group>"; };
		FA2FC80F1DFD9BBB00B6968C /* Info.plist */ = {isa = PBXFileReference; lastKnownFileType = text.plist.xml; path = Info.plist; sourceTree = "<group>"; };
		FA2FC8151DFDA55500B6968C /* CocktailTableViewController.swift */ = {isa = PBXFileReference; fileEncoding = 4; lastKnownFileType = sourcecode.swift; path = CocktailTableViewController.swift; sourceTree = "<group>"; };
		FA2FC8171DFDAB6100B6968C /* CocktailTableViewCell.swift */ = {isa = PBXFileReference; fileEncoding = 4; lastKnownFileType = sourcecode.swift; path = CocktailTableViewCell.swift; sourceTree = "<group>"; };
		FA2FC81E1DFEEDCD00B6968C /* CoreDataStack.swift */ = {isa = PBXFileReference; fileEncoding = 4; lastKnownFileType = sourcecode.swift; path = CoreDataStack.swift; sourceTree = "<group>"; };
		FA2FC83A1E0009F600B6968C /* amount.json */ = {isa = PBXFileReference; fileEncoding = 4; lastKnownFileType = text.json; path = amount.json; sourceTree = "<group>"; };
		FA2FC83C1E00433A00B6968C /* glass.json */ = {isa = PBXFileReference; fileEncoding = 4; lastKnownFileType = text.json; path = glass.json; sourceTree = "<group>"; };
		FA2FC83E1E0049DA00B6968C /* alcohol.json */ = {isa = PBXFileReference; fileEncoding = 4; lastKnownFileType = text.json; path = alcohol.json; sourceTree = "<group>"; };
		FA2FC8401E004A7500B6968C /* nonalcohol.json */ = {isa = PBXFileReference; fileEncoding = 4; lastKnownFileType = text.json; path = nonalcohol.json; sourceTree = "<group>"; };
		FA2FC8431E004E1200B6968C /* dataTypes.swift */ = {isa = PBXFileReference; fileEncoding = 4; lastKnownFileType = sourcecode.swift; path = dataTypes.swift; sourceTree = "<group>"; };
		FA2FC8451E004EAB00B6968C /* cocktail.json */ = {isa = PBXFileReference; fileEncoding = 4; lastKnownFileType = text.json; path = cocktail.json; sourceTree = "<group>"; };
		FA2FC8471E013EFE00B6968C /* Aperol Spritz.jpg */ = {isa = PBXFileReference; lastKnownFileType = image.jpeg; path = "Aperol Spritz.jpg"; sourceTree = "<group>"; };
		FA2FC8481E013EFE00B6968C /* Bloody Mary.jpg */ = {isa = PBXFileReference; lastKnownFileType = image.jpeg; path = "Bloody Mary.jpg"; sourceTree = "<group>"; };
		FA2FC8491E013EFE00B6968C /* Cosmopolitan.jpg */ = {isa = PBXFileReference; lastKnownFileType = image.jpeg; path = Cosmopolitan.jpg; sourceTree = "<group>"; };
		FA2FC84A1E013EFE00B6968C /* Dry Martini.jpg */ = {isa = PBXFileReference; lastKnownFileType = image.jpeg; path = "Dry Martini.jpg"; sourceTree = "<group>"; };
		FA2FC84B1E013EFE00B6968C /* Gin & Tonic.jpg */ = {isa = PBXFileReference; lastKnownFileType = image.jpeg; path = "Gin & Tonic.jpg"; sourceTree = "<group>"; };
		FA2FC84C1E013EFE00B6968C /* Margarita.jpg */ = {isa = PBXFileReference; lastKnownFileType = image.jpeg; path = Margarita.jpg; sourceTree = "<group>"; };
		FA2FC84D1E013EFE00B6968C /* Mojito.jpg */ = {isa = PBXFileReference; lastKnownFileType = image.jpeg; path = Mojito.jpg; sourceTree = "<group>"; };
		FA2FC84E1E013EFE00B6968C /* Negroni.jpg */ = {isa = PBXFileReference; lastKnownFileType = image.jpeg; path = Negroni.jpg; sourceTree = "<group>"; };
		FA2FC84F1E013EFE00B6968C /* Planter's Punch.jpg */ = {isa = PBXFileReference; lastKnownFileType = image.jpeg; path = "Planter's Punch.jpg"; sourceTree = "<group>"; };
		FA2FC8591E0140EB00B6968C /* Screwdriver.jpg */ = {isa = PBXFileReference; lastKnownFileType = image.jpeg; path = Screwdriver.jpg; sourceTree = "<group>"; };
		FA2FC85B1E01830000B6968C /* CocktailDetailViewController.swift */ = {isa = PBXFileReference; fileEncoding = 4; lastKnownFileType = sourcecode.swift; path = CocktailDetailViewController.swift; sourceTree = "<group>"; };
		FA2FC85D1E01A54200B6968C /* MainTabBarController.swift */ = {isa = PBXFileReference; fileEncoding = 4; lastKnownFileType = sourcecode.swift; path = MainTabBarController.swift; sourceTree = "<group>"; };
		FA2FC8631E01CF5400B6968C /* Courgette-Regular.ttf */ = {isa = PBXFileReference; lastKnownFileType = file; path = "Courgette-Regular.ttf"; sourceTree = "<group>"; };
		FA36F61C1E01D24B00673C07 /* MainNavigationController.swift */ = {isa = PBXFileReference; fileEncoding = 4; lastKnownFileType = sourcecode.swift; path = MainNavigationController.swift; sourceTree = "<group>"; };
/* End PBXFileReference section */

/* Begin PBXFrameworksBuildPhase section */
		FA2FC7FA1DFD9BBB00B6968C /* Frameworks */ = {
			isa = PBXFrameworksBuildPhase;
			buildActionMask = 2147483647;
			files = (
			);
			runOnlyForDeploymentPostprocessing = 0;
		};
/* End PBXFrameworksBuildPhase section */

/* Begin PBXGroup section */
		FA2FC7F41DFD9BBB00B6968C = {
			isa = PBXGroup;
			children = (
				FA2FC7FF1DFD9BBB00B6968C /* Mix A Drink */,
				FA2FC7FE1DFD9BBB00B6968C /* Products */,
			);
			sourceTree = "<group>";
		};
		FA2FC7FE1DFD9BBB00B6968C /* Products */ = {
			isa = PBXGroup;
			children = (
				FA2FC7FD1DFD9BBB00B6968C /* Mix A Drink.app */,
			);
			name = Products;
			sourceTree = "<group>";
		};
		FA2FC7FF1DFD9BBB00B6968C /* Mix A Drink */ = {
			isa = PBXGroup;
			children = (
				FA2FC8421E004DFD00B6968C /* Helper */,
				FA2FC81B1DFDABE700B6968C /* Model */,
				FA2FC8191DFDABA600B6968C /* Views */,
				FA2FC81A1DFDABB200B6968C /* View Controllers */,
				FA2FC8001DFD9BBB00B6968C /* AppDelegate.swift */,
				FA2FC81E1DFEEDCD00B6968C /* CoreDataStack.swift */,
				FA2FC8041DFD9BBB00B6968C /* Main.storyboard */,
				FA2FC80A1DFD9BBB00B6968C /* Assets.xcassets */,
				FA2FC80C1DFD9BBB00B6968C /* LaunchScreen.storyboard */,
				FA2FC80F1DFD9BBB00B6968C /* Info.plist */,
				FA2FC8651E01CF6A00B6968C /* Resources */,
			);
			path = "Mix A Drink";
			sourceTree = "<group>";
		};
		FA2FC8191DFDABA600B6968C /* Views */ = {
			isa = PBXGroup;
			children = (
				FA2FC8171DFDAB6100B6968C /* CocktailTableViewCell.swift */,
				FA211AB21E0291D00060C213 /* RecipeIngridientCollectionViewCell.swift */,
			);
			name = Views;
			sourceTree = "<group>";
		};
		FA2FC81A1DFDABB200B6968C /* View Controllers */ = {
			isa = PBXGroup;
			children = (
				FA36F61C1E01D24B00673C07 /* MainNavigationController.swift */,
				FA2FC85D1E01A54200B6968C /* MainTabBarController.swift */,
				FA2FC8151DFDA55500B6968C /* CocktailTableViewController.swift */,
				FA2FC85B1E01830000B6968C /* CocktailDetailViewController.swift */,
			);
			name = "View Controllers";
			sourceTree = "<group>";
		};
		FA2FC81B1DFDABE700B6968C /* Model */ = {
			isa = PBXGroup;
			children = (
				FA2FC8071DFD9BBB00B6968C /* Mix_A_Drink.xcdatamodeld */,
				FA2FC8451E004EAB00B6968C /* cocktail.json */,
				FA2FC83C1E00433A00B6968C /* glass.json */,
				FA2FC83A1E0009F600B6968C /* amount.json */,
				FA2FC8401E004A7500B6968C /* nonalcohol.json */,
				FA2FC83E1E0049DA00B6968C /* alcohol.json */,
			);
			name = Model;
			sourceTree = "<group>";
		};
		FA2FC8341DFF15AE00B6968C /* Images */ = {
			isa = PBXGroup;
			children = (
				FA2FC8471E013EFE00B6968C /* Aperol Spritz.jpg */,
				FA2FC8481E013EFE00B6968C /* Bloody Mary.jpg */,
				FA2FC8491E013EFE00B6968C /* Cosmopolitan.jpg */,
				FA2FC84A1E013EFE00B6968C /* Dry Martini.jpg */,
				FA2FC84B1E013EFE00B6968C /* Gin & Tonic.jpg */,
				FA2FC84C1E013EFE00B6968C /* Margarita.jpg */,
				FA2FC84D1E013EFE00B6968C /* Mojito.jpg */,
				FA2FC8591E0140EB00B6968C /* Screwdriver.jpg */,
				FA2FC84E1E013EFE00B6968C /* Negroni.jpg */,
				FA2FC84F1E013EFE00B6968C /* Planter's Punch.jpg */,
			);
			name = Images;
			sourceTree = "<group>";
		};
		FA2FC8421E004DFD00B6968C /* Helper */ = {
			isa = PBXGroup;
			children = (
				FA2FC8431E004E1200B6968C /* dataTypes.swift */,
			);
			name = Helper;
			sourceTree = "<group>";
		};
		FA2FC8641E01CF6200B6968C /* Fonts */ = {
			isa = PBXGroup;
			children = (
				FA2FC8631E01CF5400B6968C /* Courgette-Regular.ttf */,
			);
			name = Fonts;
			sourceTree = "<group>";
		};
		FA2FC8651E01CF6A00B6968C /* Resources */ = {
			isa = PBXGroup;
			children = (
				FA2FC8641E01CF6200B6968C /* Fonts */,
				FA2FC8341DFF15AE00B6968C /* Images */,
			);
			name = Resources;
			sourceTree = "<group>";
		};
/* End PBXGroup section */

/* Begin PBXNativeTarget section */
		FA2FC7FC1DFD9BBB00B6968C /* Mix A Drink */ = {
			isa = PBXNativeTarget;
			buildConfigurationList = FA2FC8121DFD9BBB00B6968C /* Build configuration list for PBXNativeTarget "Mix A Drink" */;
			buildPhases = (
				FA2FC7F91DFD9BBB00B6968C /* Sources */,
				FA2FC7FA1DFD9BBB00B6968C /* Frameworks */,
				FA2FC7FB1DFD9BBB00B6968C /* Resources */,
			);
			buildRules = (
			);
			dependencies = (
			);
			name = "Mix A Drink";
			productName = "Mix A Drink";
			productReference = FA2FC7FD1DFD9BBB00B6968C /* Mix A Drink.app */;
			productType = "com.apple.product-type.application";
		};
/* End PBXNativeTarget section */

/* Begin PBXProject section */
		FA2FC7F51DFD9BBB00B6968C /* Project object */ = {
			isa = PBXProject;
			attributes = {
				LastSwiftUpdateCheck = 0810;
				LastUpgradeCheck = 0820;
				ORGANIZATIONNAME = "Alexander Danilov";
				TargetAttributes = {
					FA2FC7FC1DFD9BBB00B6968C = {
						CreatedOnToolsVersion = 8.1;
						DevelopmentTeam = VFRFQB86Q6;
						ProvisioningStyle = Automatic;
					};
				};
			};
			buildConfigurationList = FA2FC7F81DFD9BBB00B6968C /* Build configuration list for PBXProject "Mix A Drink" */;
			compatibilityVersion = "Xcode 3.2";
			developmentRegion = English;
			hasScannedForEncodings = 0;
			knownRegions = (
				en,
				Base,
			);
			mainGroup = FA2FC7F41DFD9BBB00B6968C;
			productRefGroup = FA2FC7FE1DFD9BBB00B6968C /* Products */;
			projectDirPath = "";
			projectRoot = "";
			targets = (
				FA2FC7FC1DFD9BBB00B6968C /* Mix A Drink */,
			);
		};
/* End PBXProject section */

/* Begin PBXResourcesBuildPhase section */
		FA2FC7FB1DFD9BBB00B6968C /* Resources */ = {
			isa = PBXResourcesBuildPhase;
			buildActionMask = 2147483647;
			files = (
				FA2FC85A1E0140EB00B6968C /* Screwdriver.jpg in Resources */,
				FA2FC8581E013EFE00B6968C /* Planter's Punch.jpg in Resources */,
				FA2FC80E1DFD9BBB00B6968C /* LaunchScreen.storyboard in Resources */,
				FA2FC8561E013EFE00B6968C /* Mojito.jpg in Resources */,
				FA2FC83F1E0049DA00B6968C /* alcohol.json in Resources */,
				FA2FC8511E013EFE00B6968C /* Bloody Mary.jpg in Resources */,
				FA2FC80B1DFD9BBB00B6968C /* Assets.xcassets in Resources */,
				FA2FC8501E013EFE00B6968C /* Aperol Spritz.jpg in Resources */,
				FA2FC8521E013EFE00B6968C /* Cosmopolitan.jpg in Resources */,
				FA2FC83D1E00433A00B6968C /* glass.json in Resources */,
				FA2FC8541E013EFE00B6968C /* Gin & Tonic.jpg in Resources */,
				FA2FC8551E013EFE00B6968C /* Margarita.jpg in Resources */,
				FA2FC8411E004A7500B6968C /* nonalcohol.json in Resources */,
				FA2FC83B1E0009F600B6968C /* amount.json in Resources */,
				FA2FC8571E013EFE00B6968C /* Negroni.jpg in Resources */,
				FA2FC8531E013EFE00B6968C /* Dry Martini.jpg in Resources */,
				FA2FC8061DFD9BBB00B6968C /* Main.storyboard in Resources */,
				FA36F61B1E01D09E00673C07 /* Courgette-Regular.ttf in Resources */,
				FA2FC8461E004EAB00B6968C /* cocktail.json in Resources */,
			);
			runOnlyForDeploymentPostprocessing = 0;
		};
/* End PBXResourcesBuildPhase section */

/* Begin PBXSourcesBuildPhase section */
		FA2FC7F91DFD9BBB00B6968C /* Sources */ = {
			isa = PBXSourcesBuildPhase;
			buildActionMask = 2147483647;
			files = (
				FA36F61D1E01D24B00673C07 /* MainNavigationController.swift in Sources */,
				FA2FC85C1E01830000B6968C /* CocktailDetailViewController.swift in Sources */,
				FA2FC81F1DFEEDCD00B6968C /* CoreDataStack.swift in Sources */,
				FA2FC85E1E01A54200B6968C /* MainTabBarController.swift in Sources */,
				FA2FC8091DFD9BBB00B6968C /* Mix_A_Drink.xcdatamodeld in Sources */,
				FA2FC8161DFDA55500B6968C /* CocktailTableViewController.swift in Sources */,
				FA2FC8441E004E1200B6968C /* dataTypes.swift in Sources */,
				FA2FC8011DFD9BBB00B6968C /* AppDelegate.swift in Sources */,
				FA2FC8181DFDAB6100B6968C /* CocktailTableViewCell.swift in Sources */,
				FA211AB31E0291D00060C213 /* RecipeIngridientCollectionViewCell.swift in Sources */,
			);
			runOnlyForDeploymentPostprocessing = 0;
		};
/* End PBXSourcesBuildPhase section */

/* Begin PBXVariantGroup section */
		FA2FC8041DFD9BBB00B6968C /* Main.storyboard */ = {
			isa = PBXVariantGroup;
			children = (
				FA2FC8051DFD9BBB00B6968C /* Base */,
			);
			name = Main.storyboard;
			sourceTree = "<group>";
		};
		FA2FC80C1DFD9BBB00B6968C /* LaunchScreen.storyboard */ = {
			isa = PBXVariantGroup;
			children = (
				FA2FC80D1DFD9BBB00B6968C /* Base */,
			);
			name = LaunchScreen.storyboard;
			sourceTree = "<group>";
		};
/* End PBXVariantGroup section */

/* Begin XCBuildConfiguration section */
		FA2FC8101DFD9BBB00B6968C /* Debug */ = {
			isa = XCBuildConfiguration;
			buildSettings = {
				ALWAYS_SEARCH_USER_PATHS = NO;
				CLANG_ANALYZER_NONNULL = YES;
				CLANG_CXX_LANGUAGE_STANDARD = "gnu++0x";
				CLANG_CXX_LIBRARY = "libc++";
				CLANG_ENABLE_MODULES = YES;
				CLANG_ENABLE_OBJC_ARC = YES;
				CLANG_WARN_BOOL_CONVERSION = YES;
				CLANG_WARN_CONSTANT_CONVERSION = YES;
				CLANG_WARN_DIRECT_OBJC_ISA_USAGE = YES_ERROR;
				CLANG_WARN_DOCUMENTATION_COMMENTS = YES;
				CLANG_WARN_EMPTY_BODY = YES;
				CLANG_WARN_ENUM_CONVERSION = YES;
				CLANG_WARN_INFINITE_RECURSION = YES;
				CLANG_WARN_INT_CONVERSION = YES;
				CLANG_WARN_OBJC_ROOT_CLASS = YES_ERROR;
				CLANG_WARN_SUSPICIOUS_MOVE = YES;
				CLANG_WARN_SUSPICIOUS_MOVES = YES;
				CLANG_WARN_UNREACHABLE_CODE = YES;
				CLANG_WARN__DUPLICATE_METHOD_MATCH = YES;
				"CODE_SIGN_IDENTITY[sdk=iphoneos*]" = "iPhone Developer";
				COPY_PHASE_STRIP = NO;
				DEBUG_INFORMATION_FORMAT = dwarf;
				ENABLE_STRICT_OBJC_MSGSEND = YES;
				ENABLE_TESTABILITY = YES;
				GCC_C_LANGUAGE_STANDARD = gnu99;
				GCC_DYNAMIC_NO_PIC = NO;
				GCC_NO_COMMON_BLOCKS = YES;
				GCC_OPTIMIZATION_LEVEL = 0;
				GCC_PREPROCESSOR_DEFINITIONS = (
					"DEBUG=1",
					"$(inherited)",
				);
				GCC_WARN_64_TO_32_BIT_CONVERSION = YES;
				GCC_WARN_ABOUT_RETURN_TYPE = YES_ERROR;
				GCC_WARN_UNDECLARED_SELECTOR = YES;
				GCC_WARN_UNINITIALIZED_AUTOS = YES_AGGRESSIVE;
				GCC_WARN_UNUSED_FUNCTION = YES;
				GCC_WARN_UNUSED_VARIABLE = YES;
				IPHONEOS_DEPLOYMENT_TARGET = 10.1;
				MTL_ENABLE_DEBUG_INFO = YES;
				ONLY_ACTIVE_ARCH = YES;
				SDKROOT = iphoneos;
				SWIFT_ACTIVE_COMPILATION_CONDITIONS = DEBUG;
				SWIFT_OPTIMIZATION_LEVEL = "-Onone";
			};
			name = Debug;
		};
		FA2FC8111DFD9BBB00B6968C /* Release */ = {
			isa = XCBuildConfiguration;
			buildSettings = {
				ALWAYS_SEARCH_USER_PATHS = NO;
				CLANG_ANALYZER_NONNULL = YES;
				CLANG_CXX_LANGUAGE_STANDARD = "gnu++0x";
				CLANG_CXX_LIBRARY = "libc++";
				CLANG_ENABLE_MODULES = YES;
				CLANG_ENABLE_OBJC_ARC = YES;
				CLANG_WARN_BOOL_CONVERSION = YES;
				CLANG_WARN_CONSTANT_CONVERSION = YES;
				CLANG_WARN_DIRECT_OBJC_ISA_USAGE = YES_ERROR;
				CLANG_WARN_DOCUMENTATION_COMMENTS = YES;
				CLANG_WARN_EMPTY_BODY = YES;
				CLANG_WARN_ENUM_CONVERSION = YES;
				CLANG_WARN_INFINITE_RECURSION = YES;
				CLANG_WARN_INT_CONVERSION = YES;
				CLANG_WARN_OBJC_ROOT_CLASS = YES_ERROR;
				CLANG_WARN_SUSPICIOUS_MOVE = YES;
				CLANG_WARN_SUSPICIOUS_MOVES = YES;
				CLANG_WARN_UNREACHABLE_CODE = YES;
				CLANG_WARN__DUPLICATE_METHOD_MATCH = YES;
				"CODE_SIGN_IDENTITY[sdk=iphoneos*]" = "iPhone Developer";
				COPY_PHASE_STRIP = NO;
				DEBUG_INFORMATION_FORMAT = "dwarf-with-dsym";
				ENABLE_NS_ASSERTIONS = NO;
				ENABLE_STRICT_OBJC_MSGSEND = YES;
				GCC_C_LANGUAGE_STANDARD = gnu99;
				GCC_NO_COMMON_BLOCKS = YES;
				GCC_WARN_64_TO_32_BIT_CONVERSION = YES;
				GCC_WARN_ABOUT_RETURN_TYPE = YES_ERROR;
				GCC_WARN_UNDECLARED_SELECTOR = YES;
				GCC_WARN_UNINITIALIZED_AUTOS = YES_AGGRESSIVE;
				GCC_WARN_UNUSED_FUNCTION = YES;
				GCC_WARN_UNUSED_VARIABLE = YES;
				IPHONEOS_DEPLOYMENT_TARGET = 10.1;
				MTL_ENABLE_DEBUG_INFO = NO;
				SDKROOT = iphoneos;
				SWIFT_OPTIMIZATION_LEVEL = "-Owholemodule";
				VALIDATE_PRODUCT = YES;
			};
			name = Release;
		};
		FA2FC8131DFD9BBB00B6968C /* Debug */ = {
			isa = XCBuildConfiguration;
			buildSettings = {
				ASSETCATALOG_COMPILER_APPICON_NAME = AppIcon;
				DEVELOPMENT_TEAM = VFRFQB86Q6;
				INFOPLIST_FILE = "Mix A Drink/Info.plist";
				LD_RUNPATH_SEARCH_PATHS = "$(inherited) @executable_path/Frameworks";
				PRODUCT_BUNDLE_IDENTIFIER = "com.ad.Mix-A-Drink";
				PRODUCT_NAME = "$(TARGET_NAME)";
				SWIFT_VERSION = 3.0;
			};
			name = Debug;
		};
		FA2FC8141DFD9BBB00B6968C /* Release */ = {
			isa = XCBuildConfiguration;
			buildSettings = {
				ASSETCATALOG_COMPILER_APPICON_NAME = AppIcon;
				DEVELOPMENT_TEAM = VFRFQB86Q6;
				INFOPLIST_FILE = "Mix A Drink/Info.plist";
				LD_RUNPATH_SEARCH_PATHS = "$(inherited) @executable_path/Frameworks";
				PRODUCT_BUNDLE_IDENTIFIER = "com.ad.Mix-A-Drink";
				PRODUCT_NAME = "$(TARGET_NAME)";
				SWIFT_VERSION = 3.0;
			};
			name = Release;
		};
/* End XCBuildConfiguration section */

/* Begin XCConfigurationList section */
		FA2FC7F81DFD9BBB00B6968C /* Build configuration list for PBXProject "Mix A Drink" */ = {
			isa = XCConfigurationList;
			buildConfigurations = (
				FA2FC8101DFD9BBB00B6968C /* Debug */,
				FA2FC8111DFD9BBB00B6968C /* Release */,
			);
			defaultConfigurationIsVisible = 0;
			defaultConfigurationName = Release;
		};
		FA2FC8121DFD9BBB00B6968C /* Build configuration list for PBXNativeTarget "Mix A Drink" */ = {
			isa = XCConfigurationList;
			buildConfigurations = (
				FA2FC8131DFD9BBB00B6968C /* Debug */,
				FA2FC8141DFD9BBB00B6968C /* Release */,
			);
			defaultConfigurationIsVisible = 0;
			defaultConfigurationName = Release;
		};
/* End XCConfigurationList section */

/* Begin XCVersionGroup section */
		FA2FC8071DFD9BBB00B6968C /* Mix_A_Drink.xcdatamodeld */ = {
			isa = XCVersionGroup;
			children = (
				FA2FC8081DFD9BBB00B6968C /* Mix_A_Drink.xcdatamodel */,
			);
			currentVersion = FA2FC8081DFD9BBB00B6968C /* Mix_A_Drink.xcdatamodel */;
			path = Mix_A_Drink.xcdatamodeld;
			sourceTree = "<group>";
			versionGroupType = wrapper.xcdatamodel;
		};
/* End XCVersionGroup section */
	};
	rootObject = FA2FC7F51DFD9BBB00B6968C /* Project object */;
}
